
Microsoft Visual Studio Solution File, Format Version 12.00
# Visual Studio Version 16
VisualStudioVersion = 16.0.29926.136
MinimumVisualStudioVersion = 10.0.40219.1
Project("{9A19103F-16F7-4668-BE54-9A1E7A4F7556}") = "CaterSoft.IdentityServer", "CaterSoft.IdentityServer\CaterSoft.IdentityServer.csproj", "{523A80A2-80E6-46A3-AE4B-E71D9F8E93DC}"
EndProject
Global
	GlobalSection(SolutionConfigurationPlatforms) = preSolution
		Debug|Any CPU = Debug|Any CPU
		Release|Any CPU = Release|Any CPU
	EndGlobalSection
	GlobalSection(ProjectConfigurationPlatforms) = postSolution
		{523A80A2-80E6-46A3-AE4B-E71D9F8E93DC}.Debug|Any CPU.ActiveCfg = Debug|Any CPU
		{523A80A2-80E6-46A3-AE4B-E71D9F8E93DC}.Debug|Any CPU.Build.0 = Debug|Any CPU
		{523A80A2-80E6-46A3-AE4B-E71D9F8E93DC}.Release|Any CPU.ActiveCfg = Release|Any CPU
		{523A80A2-80E6-46A3-AE4B-E71D9F8E93DC}.Release|Any CPU.Build.0 = Release|Any CPU
		{301E858F-F40F-4D88-A026-0A3DCE5941FB}.Debug|Any CPU.ActiveCfg = Debug|Any CPU
		{301E858F-F40F-4D88-A026-0A3DCE5941FB}.Debug|Any CPU.Build.0 = Debug|Any CPU
		{301E858F-F40F-4D88-A026-0A3DCE5941FB}.Release|Any CPU.ActiveCfg = Release|Any CPU
		{301E858F-F40F-4D88-A026-0A3DCE5941FB}.Release|Any CPU.Build.0 = Release|Any CPU
	EndGlobalSection
	GlobalSection(SolutionProperties) = preSolution
		HideSolutionNode = FALSE
	EndGlobalSection
	GlobalSection(ExtensibilityGlobals) = postSolution
		SolutionGuid = {39A7C0D5-89B5-4F0B-AFCE-3F8BD1ECE299}
	EndGlobalSection
EndGlobal
